
Microsoft Visual Studio Solution File, Format Version 12.00
Project("{FAE04EC0-301F-11D3-BF4B-00C04F79EFBC}") = "web", "web\web.csproj", "{87F0AA61-2ABE-42CE-90C9-1EC003C63375}"
EndProject
Global
	GlobalSection(SolutionConfigurationPlatforms) = preSolution
		Debug|Any CPU = Debug|Any CPU
		Release|Any CPU = Release|Any CPU
	EndGlobalSection
	GlobalSection(ProjectConfigurationPlatforms) = postSolution
		{87F0AA61-2ABE-42CE-90C9-1EC003C63375}.Debug|Any CPU.ActiveCfg = Debug|Any CPU
		{87F0AA61-2ABE-42CE-90C9-1EC003C63375}.Debug|Any CPU.Build.0 = Debug|Any CPU
		{87F0AA61-2ABE-42CE-90C9-1EC003C63375}.Release|Any CPU.ActiveCfg = Release|Any CPU
		{87F0AA61-2ABE-42CE-90C9-1EC003C63375}.Release|Any CPU.Build.0 = Release|Any CPU
	EndGlobalSection
EndGlobal
